// !$*UTF8*$!
{
	archiveVersion = 1;
	classes = {
	};
	objectVersion = 50;
	objects = {

/* Begin PBXBuildFile section */
		A4606AFE2708AECA00F7D80E /* ToDoItems.swift in Sources */ = {isa = PBXBuildFile; fileRef = A4606AFD2708AECA00F7D80E /* ToDoItems.swift */; };
		A4606B002708B7F800F7D80E /* LocalNotificationManager.swift in Sources */ = {isa = PBXBuildFile; fileRef = A4606AFF2708B7F800F7D80E /* LocalNotificationManager.swift */; };
		A4817FFA26F97CE900868B28 /* AppDelegate.swift in Sources */ = {isa = PBXBuildFile; fileRef = A4817FF926F97CE900868B28 /* AppDelegate.swift */; };
		A4817FFC26F97CE900868B28 /* SceneDelegate.swift in Sources */ = {isa = PBXBuildFile; fileRef = A4817FFB26F97CE900868B28 /* SceneDelegate.swift */; };
		A4817FFE26F97CE900868B28 /* ToDoListViewController.swift in Sources */ = {isa = PBXBuildFile; fileRef = A4817FFD26F97CE900868B28 /* ToDoListViewController.swift */; };
		A481800126F97CE900868B28 /* Main.storyboard in Resources */ = {isa = PBXBuildFile; fileRef = A4817FFF26F97CE900868B28 /* Main.storyboard */; };
		A481800326F97CED00868B28 /* Assets.xcassets in Resources */ = {isa = PBXBuildFile; fileRef = A481800226F97CED00868B28 /* Assets.xcassets */; };
		A481800626F97CED00868B28 /* LaunchScreen.storyboard in Resources */ = {isa = PBXBuildFile; fileRef = A481800426F97CED00868B28 /* LaunchScreen.storyboard */; };
		A483BC6426FAC9E60094851E /* ToDoDetailTableViewController.swift in Sources */ = {isa = PBXBuildFile; fileRef = A483BC6326FAC9E60094851E /* ToDoDetailTableViewController.swift */; };
		A489BAD626FE17BD008E04E9 /* ToDoItem.swift in Sources */ = {isa = PBXBuildFile; fileRef = A489BAD526FE17BD008E04E9 /* ToDoItem.swift */; };
		A4E161DA270A080000771307 /* UIViewController+alert.swift in Sources */ = {isa = PBXBuildFile; fileRef = A4E161D9270A080000771307 /* UIViewController+alert.swift */; };
		A4F75B7427037ED600ED646F /* ListTableViewCell.swift in Sources */ = {isa = PBXBuildFile; fileRef = A4F75B7327037ED600ED646F /* ListTableViewCell.swift */; };
/* End PBXBuildFile section */

/* Begin PBXFileReference section */
		A4606AFD2708AECA00F7D80E /* ToDoItems.swift */ = {isa = PBXFileReference; lastKnownFileType = sourcecode.swift; path = ToDoItems.swift; sourceTree = "<group>"; };
		A4606AFF2708B7F800F7D80E /* LocalNotificationManager.swift */ = {isa = PBXFileReference; lastKnownFileType = sourcecode.swift; path = LocalNotificationManager.swift; sourceTree = "<group>"; };
		A4817FF626F97CE900868B28 /* ToDoList.app */ = {isa = PBXFileReference; explicitFileType = wrapper.application; includeInIndex = 0; path = ToDoList.app; sourceTree = BUILT_PRODUCTS_DIR; };
		A4817FF926F97CE900868B28 /* AppDelegate.swift */ = {isa = PBXFileReference; lastKnownFileType = sourcecode.swift; path = AppDelegate.swift; sourceTree = "<group>"; };
		A4817FFB26F97CE900868B28 /* SceneDelegate.swift */ = {isa = PBXFileReference; lastKnownFileType = sourcecode.swift; path = SceneDelegate.swift; sourceTree = "<group>"; };
		A4817FFD26F97CE900868B28 /* ToDoListViewController.swift */ = {isa = PBXFileReference; lastKnownFileType = sourcecode.swift; path = ToDoListViewController.swift; sourceTree = "<group>"; };
		A481800026F97CE900868B28 /* Base */ = {isa = PBXFileReference; lastKnownFileType = file.storyboard; name = Base; path = Base.lproj/Main.storyboard; sourceTree = "<group>"; };
		A481800226F97CED00868B28 /* Assets.xcassets */ = {isa = PBXFileReference; lastKnownFileType = folder.assetcatalog; path = Assets.xcassets; sourceTree = "<group>"; };
		A481800526F97CED00868B28 /* Base */ = {isa = PBXFileReference; lastKnownFileType = file.storyboard; name = Base; path = Base.lproj/LaunchScreen.storyboard; sourceTree = "<group>"; };
		A481800726F97CED00868B28 /* Info.plist */ = {isa = PBXFileReference; lastKnownFileType = text.plist.xml; path = Info.plist; sourceTree = "<group>"; };
		A483BC6326FAC9E60094851E /* ToDoDetailTableViewController.swift */ = {isa = PBXFileReference; lastKnownFileType = sourcecode.swift; path = ToDoDetailTableViewController.swift; sourceTree = "<group>"; };
		A489BAD526FE17BD008E04E9 /* ToDoItem.swift */ = {isa = PBXFileReference; lastKnownFileType = sourcecode.swift; path = ToDoItem.swift; sourceTree = "<group>"; };
		A4E161D9270A080000771307 /* UIViewController+alert.swift */ = {isa = PBXFileReference; lastKnownFileType = sourcecode.swift; path = "UIViewController+alert.swift"; sourceTree = "<group>"; };
		A4F75B7327037ED600ED646F /* ListTableViewCell.swift */ = {isa = PBXFileReference; lastKnownFileType = sourcecode.swift; path = ListTableViewCell.swift; sourceTree = "<group>"; };
/* End PBXFileReference section */

/* Begin PBXFrameworksBuildPhase section */
		A4817FF326F97CE900868B28 /* Frameworks */ = {
			isa = PBXFrameworksBuildPhase;
			buildActionMask = 2147483647;
			files = (
			);
			runOnlyForDeploymentPostprocessing = 0;
		};
/* End PBXFrameworksBuildPhase section */

/* Begin PBXGroup section */
		A4817FED26F97CE900868B28 = {
			isa = PBXGroup;
			children = (
				A4817FF826F97CE900868B28 /* ToDoList */,
				A4817FF726F97CE900868B28 /* Products */,
			);
			sourceTree = "<group>";
		};
		A4817FF726F97CE900868B28 /* Products */ = {
			isa = PBXGroup;
			children = (
				A4817FF626F97CE900868B28 /* ToDoList.app */,
			);
			name = Products;
			sourceTree = "<group>";
		};
		A4817FF826F97CE900868B28 /* ToDoList */ = {
			isa = PBXGroup;
			children = (
				A4817FF926F97CE900868B28 /* AppDelegate.swift */,
				A4817FFB26F97CE900868B28 /* SceneDelegate.swift */,
				A4606AFF2708B7F800F7D80E /* LocalNotificationManager.swift */,
				A4E161D9270A080000771307 /* UIViewController+alert.swift */,
				A489BAD526FE17BD008E04E9 /* ToDoItem.swift */,
				A4606AFD2708AECA00F7D80E /* ToDoItems.swift */,
				A4817FFD26F97CE900868B28 /* ToDoListViewController.swift */,
				A483BC6326FAC9E60094851E /* ToDoDetailTableViewController.swift */,
				A4F75B7327037ED600ED646F /* ListTableViewCell.swift */,
				A4817FFF26F97CE900868B28 /* Main.storyboard */,
				A481800226F97CED00868B28 /* Assets.xcassets */,
				A481800426F97CED00868B28 /* LaunchScreen.storyboard */,
				A481800726F97CED00868B28 /* Info.plist */,
			);
			path = ToDoList;
			sourceTree = "<group>";
		};
/* End PBXGroup section */

/* Begin PBXNativeTarget section */
		A4817FF526F97CE900868B28 /* ToDoList */ = {
			isa = PBXNativeTarget;
			buildConfigurationList = A481800A26F97CED00868B28 /* Build configuration list for PBXNativeTarget "ToDoList" */;
			buildPhases = (
				A4817FF226F97CE900868B28 /* Sources */,
				A4817FF326F97CE900868B28 /* Frameworks */,
				A4817FF426F97CE900868B28 /* Resources */,
			);
			buildRules = (
			);
			dependencies = (
			);
			name = ToDoList;
			productName = ToDoList;
			productReference = A4817FF626F97CE900868B28 /* ToDoList.app */;
			productType = "com.apple.product-type.application";
		};
/* End PBXNativeTarget section */

/* Begin PBXProject section */
		A4817FEE26F97CE900868B28 /* Project object */ = {
			isa = PBXProject;
			attributes = {
				LastSwiftUpdateCheck = 1250;
				LastUpgradeCheck = 1250;
				TargetAttributes = {
					A4817FF526F97CE900868B28 = {
						CreatedOnToolsVersion = 12.5.1;
					};
				};
			};
			buildConfigurationList = A4817FF126F97CE900868B28 /* Build configuration list for PBXProject "ToDoList" */;
			compatibilityVersion = "Xcode 9.3";
			developmentRegion = en;
			hasScannedForEncodings = 0;
			knownRegions = (
				en,
				Base,
			);
			mainGroup = A4817FED26F97CE900868B28;
			productRefGroup = A4817FF726F97CE900868B28 /* Products */;
			projectDirPath = "";
			projectRoot = "";
			targets = (
				A4817FF526F97CE900868B28 /* ToDoList */,
			);
		};
/* End PBXProject section */

/* Begin PBXResourcesBuildPhase section */
		A4817FF426F97CE900868B28 /* Resources */ = {
			isa = PBXResourcesBuildPhase;
			buildActionMask = 2147483647;
			files = (
				A481800626F97CED00868B28 /* LaunchScreen.storyboard in Resources */,
				A481800326F97CED00868B28 /* Assets.xcassets in Resources */,
				A481800126F97CE900868B28 /* Main.storyboard in Resources */,
			);
			runOnlyForDeploymentPostprocessing = 0;
		};
/* End PBXResourcesBuildPhase section */

/* Begin PBXSourcesBuildPhase section */
		A4817FF226F97CE900868B28 /* Sources */ = {
			isa = PBXSourcesBuildPhase;
			buildActionMask = 2147483647;
			files = (
				A4817FFE26F97CE900868B28 /* ToDoListViewController.swift in Sources */,
				A4606AFE2708AECA00F7D80E /* ToDoItems.swift in Sources */,
				A4817FFA26F97CE900868B28 /* AppDelegate.swift in Sources */,
				A4E161DA270A080000771307 /* UIViewController+alert.swift in Sources */,
				A489BAD626FE17BD008E04E9 /* ToDoItem.swift in Sources */,
				A483BC6426FAC9E60094851E /* ToDoDetailTableViewController.swift in Sources */,
				A4817FFC26F97CE900868B28 /* SceneDelegate.swift in Sources */,
				A4606B002708B7F800F7D80E /* LocalNotificationManager.swift in Sources */,
				A4F75B7427037ED600ED646F /* ListTableViewCell.swift in Sources */,
			);
			runOnlyForDeploymentPostprocessing = 0;
		};
/* End PBXSourcesBuildPhase section */

/* Begin PBXVariantGroup section */
		A4817FFF26F97CE900868B28 /* Main.storyboard */ = {
			isa = PBXVariantGroup;
			children = (
				A481800026F97CE900868B28 /* Base */,
			);
			name = Main.storyboard;
			sourceTree = "<group>";
		};
		A481800426F97CED00868B28 /* LaunchScreen.storyboard */ = {
			isa = PBXVariantGroup;
			children = (
				A481800526F97CED00868B28 /* Base */,
			);
			name = LaunchScreen.storyboard;
			sourceTree = "<group>";
		};
/* End PBXVariantGroup section */

/* Begin XCBuildConfiguration section */
		A481800826F97CED00868B28 /* Debug */ = {
			isa = XCBuildConfiguration;
			buildSettings = {
				ALWAYS_SEARCH_USER_PATHS = NO;
				CLANG_ANALYZER_NONNULL = YES;
				CLANG_ANALYZER_NUMBER_OBJECT_CONVERSION = YES_AGGRESSIVE;
				CLANG_CXX_LANGUAGE_STANDARD = "gnu++14";
				CLANG_CXX_LIBRARY = "libc++";
				CLANG_ENABLE_MODULES = YES;
				CLANG_ENABLE_OBJC_ARC = YES;
				CLANG_ENABLE_OBJC_WEAK = YES;
				CLANG_WARN_BLOCK_CAPTURE_AUTORELEASING = YES;
				CLANG_WARN_BOOL_CONVERSION = YES;
				CLANG_WARN_COMMA = YES;
				CLANG_WARN_CONSTANT_CONVERSION = YES;
				CLANG_WARN_DEPRECATED_OBJC_IMPLEMENTATIONS = YES;
				CLANG_WARN_DIRECT_OBJC_ISA_USAGE = YES_ERROR;
				CLANG_WARN_DOCUMENTATION_COMMENTS = YES;
				CLANG_WARN_EMPTY_BODY = YES;
				CLANG_WARN_ENUM_CONVERSION = YES;
				CLANG_WARN_INFINITE_RECURSION = YES;
				CLANG_WARN_INT_CONVERSION = YES;
				CLANG_WARN_NON_LITERAL_NULL_CONVERSION = YES;
				CLANG_WARN_OBJC_IMPLICIT_RETAIN_SELF = YES;
				CLANG_WARN_OBJC_LITERAL_CONVERSION = YES;
				CLANG_WARN_OBJC_ROOT_CLASS = YES_ERROR;
				CLANG_WARN_QUOTED_INCLUDE_IN_FRAMEWORK_HEADER = YES;
				CLANG_WARN_RANGE_LOOP_ANALYSIS = YES;
				CLANG_WARN_STRICT_PROTOTYPES = YES;
				CLANG_WARN_SUSPICIOUS_MOVE = YES;
				CLANG_WARN_UNGUARDED_AVAILABILITY = YES_AGGRESSIVE;
				CLANG_WARN_UNREACHABLE_CODE = YES;
				CLANG_WARN__DUPLICATE_METHOD_MATCH = YES;
				COPY_PHASE_STRIP = NO;
				DEBUG_INFORMATION_FORMAT = dwarf;
				ENABLE_STRICT_OBJC_MSGSEND = YES;
				ENABLE_TESTABILITY = YES;
				GCC_C_LANGUAGE_STANDARD = gnu11;
				GCC_DYNAMIC_NO_PIC = NO;
				GCC_NO_COMMON_BLOCKS = YES;
				GCC_OPTIMIZATION_LEVEL = 0;
				GCC_PREPROCESSOR_DEFINITIONS = (
					"DEBUG=1",
					"$(inherited)",
				);
				GCC_WARN_64_TO_32_BIT_CONVERSION = YES;
				GCC_WARN_ABOUT_RETURN_TYPE = YES_ERROR;
				GCC_WARN_UNDECLARED_SELECTOR = YES;
				GCC_WARN_UNINITIALIZED_AUTOS = YES_AGGRESSIVE;
				GCC_WARN_UNUSED_FUNCTION = YES;
				GCC_WARN_UNUSED_VARIABLE = YES;
				IPHONEOS_DEPLOYMENT_TARGET = 14.5;
				MTL_ENABLE_DEBUG_INFO = INCLUDE_SOURCE;
				MTL_FAST_MATH = YES;
				ONLY_ACTIVE_ARCH = YES;
				SDKROOT = iphoneos;
				SWIFT_ACTIVE_COMPILATION_CONDITIONS = DEBUG;
				SWIFT_OPTIMIZATION_LEVEL = "-Onone";
			};
			name = Debug;
		};
		A481800926F97CED00868B28 /* Release */ = {
			isa = XCBuildConfiguration;
			buildSettings = {
				ALWAYS_SEARCH_USER_PATHS = NO;
				CLANG_ANALYZER_NONNULL = YES;
				CLANG_ANALYZER_NUMBER_OBJECT_CONVERSION = YES_AGGRESSIVE;
				CLANG_CXX_LANGUAGE_STANDARD = "gnu++14";
				CLANG_CXX_LIBRARY = "libc++";
				CLANG_ENABLE_MODULES = YES;
				CLANG_ENABLE_OBJC_ARC = YES;
				CLANG_ENABLE_OBJC_WEAK = YES;
				CLANG_WARN_BLOCK_CAPTURE_AUTORELEASING = YES;
				CLANG_WARN_BOOL_CONVERSION = YES;
				CLANG_WARN_COMMA = YES;
				CLANG_WARN_CONSTANT_CONVERSION = YES;
				CLANG_WARN_DEPRECATED_OBJC_IMPLEMENTATIONS = YES;
				CLANG_WARN_DIRECT_OBJC_ISA_USAGE = YES_ERROR;
				CLANG_WARN_DOCUMENTATION_COMMENTS = YES;
				CLANG_WARN_EMPTY_BODY = YES;
				CLANG_WARN_ENUM_CONVERSION = YES;
				CLANG_WARN_INFINITE_RECURSION = YES;
				CLANG_WARN_INT_CONVERSION = YES;
				CLANG_WARN_NON_LITERAL_NULL_CONVERSION = YES;
				CLANG_WARN_OBJC_IMPLICIT_RETAIN_SELF = YES;
				CLANG_WARN_OBJC_LITERAL_CONVERSION = YES;
				CLANG_WARN_OBJC_ROOT_CLASS = YES_ERROR;
				CLANG_WARN_QUOTED_INCLUDE_IN_FRAMEWORK_HEADER = YES;
				CLANG_WARN_RANGE_LOOP_ANALYSIS = YES;
				CLANG_WARN_STRICT_PROTOTYPES = YES;
				CLANG_WARN_SUSPICIOUS_MOVE = YES;
				CLANG_WARN_UNGUARDED_AVAILABILITY = YES_AGGRESSIVE;
				CLANG_WARN_UNREACHABLE_CODE = YES;
				CLANG_WARN__DUPLICATE_METHOD_MATCH = YES;
				COPY_PHASE_STRIP = NO;
				DEBUG_INFORMATION_FORMAT = "dwarf-with-dsym";
				ENABLE_NS_ASSERTIONS = NO;
				ENABLE_STRICT_OBJC_MSGSEND = YES;
				GCC_C_LANGUAGE_STANDARD = gnu11;
				GCC_NO_COMMON_BLOCKS = YES;
				GCC_WARN_64_TO_32_BIT_CONVERSION = YES;
				GCC_WARN_ABOUT_RETURN_TYPE = YES_ERROR;
				GCC_WARN_UNDECLARED_SELECTOR = YES;
				GCC_WARN_UNINITIALIZED_AUTOS = YES_AGGRESSIVE;
				GCC_WARN_UNUSED_FUNCTION = YES;
				GCC_WARN_UNUSED_VARIABLE = YES;
				IPHONEOS_DEPLOYMENT_TARGET = 14.5;
				MTL_ENABLE_DEBUG_INFO = NO;
				MTL_FAST_MATH = YES;
				SDKROOT = iphoneos;
				SWIFT_COMPILATION_MODE = wholemodule;
				SWIFT_OPTIMIZATION_LEVEL = "-O";
				VALIDATE_PRODUCT = YES;
			};
			name = Release;
		};
		A481800B26F97CED00868B28 /* Debug */ = {
			isa = XCBuildConfiguration;
			buildSettings = {
				ASSETCATALOG_COMPILER_APPICON_NAME = AppIcon;
				ASSETCATALOG_COMPILER_GLOBAL_ACCENT_COLOR_NAME = AccentColor;
				CODE_SIGN_STYLE = Automatic;
				DEVELOPMENT_TEAM = P4S97U2LLW;
				INFOPLIST_FILE = ToDoList/Info.plist;
				LD_RUNPATH_SEARCH_PATHS = (
					"$(inherited)",
					"@executable_path/Frameworks",
				);
				PRODUCT_BUNDLE_IDENTIFIER = PhillipTracy.ToDoList;
				PRODUCT_NAME = "$(TARGET_NAME)";
				SWIFT_VERSION = 5.0;
				TARGETED_DEVICE_FAMILY = "1,2";
			};
			name = Debug;
		};
		A481800C26F97CED00868B28 /* Release */ = {
			isa = XCBuildConfiguration;
			buildSettings = {
				ASSETCATALOG_COMPILER_APPICON_NAME = AppIcon;
				ASSETCATALOG_COMPILER_GLOBAL_ACCENT_COLOR_NAME = AccentColor;
				CODE_SIGN_STYLE = Automatic;
				DEVELOPMENT_TEAM = P4S97U2LLW;
				INFOPLIST_FILE = ToDoList/Info.plist;
				LD_RUNPATH_SEARCH_PATHS = (
					"$(inherited)",
					"@executable_path/Frameworks",
				);
				PRODUCT_BUNDLE_IDENTIFIER = PhillipTracy.ToDoList;
				PRODUCT_NAME = "$(TARGET_NAME)";
				SWIFT_VERSION = 5.0;
				TARGETED_DEVICE_FAMILY = "1,2";
			};
			name = Release;
		};
/* End XCBuildConfiguration section */

/* Begin XCConfigurationList section */
		A4817FF126F97CE900868B28 /* Build configuration list for PBXProject "ToDoList" */ = {
			isa = XCConfigurationList;
			buildConfigurations = (
				A481800826F97CED00868B28 /* Debug */,
				A481800926F97CED00868B28 /* Release */,
			);
			defaultConfigurationIsVisible = 0;
			defaultConfigurationName = Release;
		};
		A481800A26F97CED00868B28 /* Build configuration list for PBXNativeTarget "ToDoList" */ = {
			isa = XCConfigurationList;
			buildConfigurations = (
				A481800B26F97CED00868B28 /* Debug */,
				A481800C26F97CED00868B28 /* Release */,
			);
			defaultConfigurationIsVisible = 0;
			defaultConfigurationName = Release;
		};
/* End XCConfigurationList section */
	};
	rootObject = A4817FEE26F97CE900868B28 /* Project object */;
}
